
Microsoft Visual Studio Solution File, Format Version 12.00
# Visual Studio Version 17
VisualStudioVersion = 17.10.34707.107
MinimumVisualStudioVersion = 10.0.40219.1
Project("{FAE04EC0-301F-11D3-BF4B-00C04F79EFBC}") = "ChatApp", "ChatApp\ChatApp.csproj", "{C3DA79F7-0468-44F5-8FAD-C334F67EEC83}"
EndProject
Global
	GlobalSection(SolutionConfigurationPlatforms) = preSolution
		Debug|Any CPU = Debug|Any CPU
		Release|Any CPU = Release|Any CPU
	EndGlobalSection
	GlobalSection(ProjectConfigurationPlatforms) = postSolution
		{C3DA79F7-0468-44F5-8FAD-C334F67EEC83}.Debug|Any CPU.ActiveCfg = Debug|Any CPU
		{C3DA79F7-0468-44F5-8FAD-C334F67EEC83}.Debug|Any CPU.Build.0 = Debug|Any CPU
		{C3DA79F7-0468-44F5-8FAD-C334F67EEC83}.Release|Any CPU.ActiveCfg = Release|Any CPU
		{C3DA79F7-0468-44F5-8FAD-C334F67EEC83}.Release|Any CPU.Build.0 = Release|Any CPU
	EndGlobalSection
	GlobalSection(SolutionProperties) = preSolution
		HideSolutionNode = FALSE
	EndGlobalSection
	GlobalSection(ExtensibilityGlobals) = postSolution
		SolutionGuid = {BB78373F-1515-4A89-BFE9-39795D3A42D9}
	EndGlobalSection
EndGlobal
